
Microsoft Visual Studio Solution File, Format Version 11.00
# Visual Studio 2010
Project("{FAE04EC0-301F-11D3-BF4B-00C04F79EFBC}") = "UnityEngine.UI", "UnityEngine.UI.csproj", "{2794b198-38b1-a850-5682-1b48e7e9dd8d}"
EndProject
Project("{FAE04EC0-301F-11D3-BF4B-00C04F79EFBC}") = "Unity.AdaptivePerformance", "Unity.AdaptivePerformance.csproj", "{c2352678-2afe-160f-df98-d829742126c9}"
EndProject
Project("{FAE04EC0-301F-11D3-BF4B-00C04F79EFBC}") = "Unity.RenderPipelines.Core.Runtime", "Unity.RenderPipelines.Core.Runtime.csproj", "{a7b0392d-a1d5-f22d-a32f-e48b8887e566}"
EndProject
Project("{FAE04EC0-301F-11D3-BF4B-00C04F79EFBC}") = "UnityEngine.TestRunner", "UnityEngine.TestRunner.csproj", "{0142174b-8c50-46d3-2cdf-43f10d9e7946}"
EndProject
Project("{FAE04EC0-301F-11D3-BF4B-00C04F79EFBC}") = "Unity.Mathematics", "Unity.Mathematics.csproj", "{54587b79-bb61-f16b-b37b-6ece49908728}"
EndProject
Project("{FAE04EC0-301F-11D3-BF4B-00C04F79EFBC}") = "Unity.RenderPipelines.Universal.Runtime", "Unity.RenderPipelines.Universal.Runtime.csproj", "{77598ceb-6971-b3dd-443e-115c1372add7}"
EndProject
Project("{FAE04EC0-301F-11D3-BF4B-00C04F79EFBC}") = "Assembly-CSharp", "Assembly-CSharp.csproj", "{6de7b6cb-4c52-ec5d-e0e6-10211289df2d}"
EndProject
Project("{FAE04EC0-301F-11D3-BF4B-00C04F79EFBC}") = "Unity.2D.Animation.Runtime", "Unity.2D.Animation.Runtime.csproj", "{30282025-9f7a-8233-7f3f-c27f66166896}"
EndProject
Project("{FAE04EC0-301F-11D3-BF4B-00C04F79EFBC}") = "Unity.TextMeshPro", "Unity.TextMeshPro.csproj", "{7d285a0a-89bd-72bb-f88a-a139682de72b}"
EndProject
Project("{FAE04EC0-301F-11D3-BF4B-00C04F79EFBC}") = "Unity.Timeline", "Unity.Timeline.csproj", "{4f90ee54-88f6-8403-4569-c1afbf21b1ac}"
EndProject
Project("{FAE04EC0-301F-11D3-BF4B-00C04F79EFBC}") = "Unity.2D.SpriteShape.Runtime", "Unity.2D.SpriteShape.Runtime.csproj", "{5a28627b-92dd-b894-1447-908cc92d8aab}"
EndProject
Project("{FAE04EC0-301F-11D3-BF4B-00C04F79EFBC}") = "Unity.2D.Animation.Triangle.Runtime", "Unity.2D.Animation.Triangle.Runtime.csproj", "{62bb4fe3-f917-8c0d-d056-fc4573d43253}"
EndProject
Project("{FAE04EC0-301F-11D3-BF4B-00C04F79EFBC}") = "Unity.2D.PixelPerfect", "Unity.2D.PixelPerfect.csproj", "{9ad00581-1d85-dff3-4972-c9d78c42c5da}"
EndProject
Project("{FAE04EC0-301F-11D3-BF4B-00C04F79EFBC}") = "Unity.2D.IK.Runtime", "Unity.2D.IK.Runtime.csproj", "{5314d659-b1c5-9758-20d0-467bb52f5920}"
EndProject
Project("{FAE04EC0-301F-11D3-BF4B-00C04F79EFBC}") = "Unity.2D.Common.Runtime", "Unity.2D.Common.Runtime.csproj", "{bf619cad-c2f2-9e41-5787-e249690cddb7}"
EndProject
Project("{FAE04EC0-301F-11D3-BF4B-00C04F79EFBC}") = "Unity.RenderPipelines.Core.ShaderLibrary", "Unity.RenderPipelines.Core.ShaderLibrary.csproj", "{1dcf94d2-0fe5-f65d-7123-4c4e438434d4}"
EndProject
Project("{FAE04EC0-301F-11D3-BF4B-00C04F79EFBC}") = "Unity.InternalAPIEngineBridge.001", "Unity.InternalAPIEngineBridge.001.csproj", "{abd9139b-0c5d-03c9-f70b-138b00804e1f}"
EndProject
Project("{FAE04EC0-301F-11D3-BF4B-00C04F79EFBC}") = "Unity.RenderPipeline.Universal.ShaderLibrary", "Unity.RenderPipeline.Universal.ShaderLibrary.csproj", "{706ab551-a2bd-06ba-02b7-1bae1f66200b}"
EndProject
Project("{FAE04EC0-301F-11D3-BF4B-00C04F79EFBC}") = "Unity.Subsystem.Registration", "Unity.Subsystem.Registration.csproj", "{8ee4fe9f-e29e-f6cf-07b9-92b29df0d64e}"
EndProject
Project("{FAE04EC0-301F-11D3-BF4B-00C04F79EFBC}") = "Unity.RenderPipelines.Universal.Shaders", "Unity.RenderPipelines.Universal.Shaders.csproj", "{a3f46c1e-ca89-b2f7-670c-b39e650656de}"
EndProject
Project("{FAE04EC0-301F-11D3-BF4B-00C04F79EFBC}") = "Unity.RenderPipelines.ShaderGraph.ShaderGraphLibrary", "Unity.RenderPipelines.ShaderGraph.ShaderGraphLibrary.csproj", "{7a83d048-7ca6-9fa2-3b8e-1d8969df2fe6}"
EndProject
Project("{FAE04EC0-301F-11D3-BF4B-00C04F79EFBC}") = "Unity.ShaderGraph.Editor", "Unity.ShaderGraph.Editor.csproj", "{17905038-1ed3-75fc-8d64-1cb2f6d89c52}"
EndProject
Project("{FAE04EC0-301F-11D3-BF4B-00C04F79EFBC}") = "Unity.VisualStudio.Editor", "Unity.VisualStudio.Editor.csproj", "{40fdff15-8dfa-812b-4c3f-34405ed667ef}"
EndProject
Project("{FAE04EC0-301F-11D3-BF4B-00C04F79EFBC}") = "Unity.Timeline.Editor", "Unity.Timeline.Editor.csproj", "{dcb21b50-3b89-5cf6-9805-2ffd6ebc7492}"
EndProject
Project("{FAE04EC0-301F-11D3-BF4B-00C04F79EFBC}") = "Unity.TextMeshPro.Editor", "Unity.TextMeshPro.Editor.csproj", "{850596aa-c451-669a-3cd2-2bebe3df94f7}"
EndProject
Project("{FAE04EC0-301F-11D3-BF4B-00C04F79EFBC}") = "Unity.AdaptivePerformance.Simulator.Editor", "Unity.AdaptivePerformance.Simulator.Editor.csproj", "{9c1d622b-3ed0-3ff1-eeb6-d536af7c17f1}"
EndProject
Project("{FAE04EC0-301F-11D3-BF4B-00C04F79EFBC}") = "Unity.2D.Animation.Editor", "Unity.2D.Animation.Editor.csproj", "{207d2c32-f077-2efa-1774-64c1e9396245}"
EndProject
Project("{FAE04EC0-301F-11D3-BF4B-00C04F79EFBC}") = "Unity.CollabProxy.Editor", "Unity.CollabProxy.Editor.csproj", "{18433479-160a-6a51-5e63-7637f6b49a3b}"
EndProject
Project("{FAE04EC0-301F-11D3-BF4B-00C04F79EFBC}") = "UnityEditor.TestRunner", "UnityEditor.TestRunner.csproj", "{2dfdf870-dc88-0e88-f7f1-7494654edbf2}"
EndProject
Project("{FAE04EC0-301F-11D3-BF4B-00C04F79EFBC}") = "Unity.Rider.Editor", "Unity.Rider.Editor.csproj", "{b5f3d23d-58b2-a98e-1615-b390d7c6edff}"
EndProject
Project("{FAE04EC0-301F-11D3-BF4B-00C04F79EFBC}") = "Unity.2D.Path.Editor", "Unity.2D.Path.Editor.csproj", "{50a1b768-966c-6eaf-7b9b-75b35a859205}"
EndProject
Project("{FAE04EC0-301F-11D3-BF4B-00C04F79EFBC}") = "Unity.RenderPipelines.Universal.Editor", "Unity.RenderPipelines.Universal.Editor.csproj", "{ce245445-4d98-5df3-4dba-29633ebe2001}"
EndProject
Project("{FAE04EC0-301F-11D3-BF4B-00C04F79EFBC}") = "PsdPlugin", "PsdPlugin.csproj", "{ac00827c-4fe2-5925-0537-211ef7310f99}"
EndProject
Project("{FAE04EC0-301F-11D3-BF4B-00C04F79EFBC}") = "Unity.RenderPipelines.Core.Editor", "Unity.RenderPipelines.Core.Editor.csproj", "{83804675-e9d1-b09d-e0ed-3dd21471e8d0}"
EndProject
Project("{FAE04EC0-301F-11D3-BF4B-00C04F79EFBC}") = "Unity.2D.IK.Editor", "Unity.2D.IK.Editor.csproj", "{0a7fc19c-9141-7d24-a998-1341cf82ac99}"
EndProject
Project("{FAE04EC0-301F-11D3-BF4B-00C04F79EFBC}") = "Unity.Searcher.Editor", "Unity.Searcher.Editor.csproj", "{14109741-1f74-1314-860c-e235e6940b4b}"
EndProject
Project("{FAE04EC0-301F-11D3-BF4B-00C04F79EFBC}") = "Unity.2D.Psdimporter.Editor", "Unity.2D.Psdimporter.Editor.csproj", "{536c9ff4-9a73-b06e-5701-f3c86f9e9923}"
EndProject
Project("{FAE04EC0-301F-11D3-BF4B-00C04F79EFBC}") = "Unity.2D.SpriteShape.Editor", "Unity.2D.SpriteShape.Editor.csproj", "{3a26a28f-ba9f-49d5-b9d1-a707d6093cdb}"
EndProject
Project("{FAE04EC0-301F-11D3-BF4B-00C04F79EFBC}") = "Unity.2D.Tilemap.Editor", "Unity.2D.Tilemap.Editor.csproj", "{5df387fa-88cf-e754-442f-75f3378cc3be}"
EndProject
Project("{FAE04EC0-301F-11D3-BF4B-00C04F79EFBC}") = "Unity.2D.PixelPerfect.Editor", "Unity.2D.PixelPerfect.Editor.csproj", "{316c8d57-6cba-7c60-504d-4d8c684706ca}"
EndProject
Project("{FAE04EC0-301F-11D3-BF4B-00C04F79EFBC}") = "Unity.VSCode.Editor", "Unity.VSCode.Editor.csproj", "{3e599214-67bb-f5fe-db3a-34a64b3c3331}"
EndProject
Project("{FAE04EC0-301F-11D3-BF4B-00C04F79EFBC}") = "Unity.2D.Sprite.Editor", "Unity.2D.Sprite.Editor.csproj", "{93383754-c3bd-251d-c0b3-6a8f164dcd9c}"
EndProject
Project("{FAE04EC0-301F-11D3-BF4B-00C04F79EFBC}") = "UnityEditor.UI", "UnityEditor.UI.csproj", "{fa6d86b7-b53f-489c-300a-d11c0f2502a3}"
EndProject
Project("{FAE04EC0-301F-11D3-BF4B-00C04F79EFBC}") = "Unity.AdaptivePerformance.Editor", "Unity.AdaptivePerformance.Editor.csproj", "{3690172a-6e24-a1dc-4422-df7ee464809b}"
EndProject
Project("{FAE04EC0-301F-11D3-BF4B-00C04F79EFBC}") = "Unity.Mathematics.Editor", "Unity.Mathematics.Editor.csproj", "{f13b579f-8475-3abb-e00d-45284b7586c0}"
EndProject
Project("{FAE04EC0-301F-11D3-BF4B-00C04F79EFBC}") = "Unity.2D.Common.Editor", "Unity.2D.Common.Editor.csproj", "{a1861fc4-076f-ab95-8f14-549335e76b54}"
EndProject
Project("{FAE04EC0-301F-11D3-BF4B-00C04F79EFBC}") = "Unity.InternalAPIEditorBridge.001", "Unity.InternalAPIEditorBridge.001.csproj", "{d31ede0a-0b78-a011-33e3-98bc2918f30f}"
EndProject
Project("{FAE04EC0-301F-11D3-BF4B-00C04F79EFBC}") = "Unity.ShaderGraph.Utilities", "Unity.ShaderGraph.Utilities.csproj", "{0c5624a0-e4f4-334d-98e7-b726c232ee7b}"
EndProject
Project("{FAE04EC0-301F-11D3-BF4B-00C04F79EFBC}") = "Unity.AdaptivePerformance.Simulator.Extension", "Unity.AdaptivePerformance.Simulator.Extension.csproj", "{bd90f8ee-c541-486a-8100-70b0a62598cd}"
EndProject
Global
	GlobalSection(SolutionConfigurationPlatforms) = preSolution
		Debug|Any CPU = Debug|Any CPU
	EndGlobalSection
	GlobalSection(ProjectConfigurationPlatforms) = postSolution
		{2794b198-38b1-a850-5682-1b48e7e9dd8d}.Debug|Any CPU.ActiveCfg = Debug|Any CPU
		{2794b198-38b1-a850-5682-1b48e7e9dd8d}.Debug|Any CPU.Build.0 = Debug|Any CPU
		{c2352678-2afe-160f-df98-d829742126c9}.Debug|Any CPU.ActiveCfg = Debug|Any CPU
		{c2352678-2afe-160f-df98-d829742126c9}.Debug|Any CPU.Build.0 = Debug|Any CPU
		{a7b0392d-a1d5-f22d-a32f-e48b8887e566}.Debug|Any CPU.ActiveCfg = Debug|Any CPU
		{a7b0392d-a1d5-f22d-a32f-e48b8887e566}.Debug|Any CPU.Build.0 = Debug|Any CPU
		{0142174b-8c50-46d3-2cdf-43f10d9e7946}.Debug|Any CPU.ActiveCfg = Debug|Any CPU
		{0142174b-8c50-46d3-2cdf-43f10d9e7946}.Debug|Any CPU.Build.0 = Debug|Any CPU
		{54587b79-bb61-f16b-b37b-6ece49908728}.Debug|Any CPU.ActiveCfg = Debug|Any CPU
		{54587b79-bb61-f16b-b37b-6ece49908728}.Debug|Any CPU.Build.0 = Debug|Any CPU
		{77598ceb-6971-b3dd-443e-115c1372add7}.Debug|Any CPU.ActiveCfg = Debug|Any CPU
		{77598ceb-6971-b3dd-443e-115c1372add7}.Debug|Any CPU.Build.0 = Debug|Any CPU
		{6de7b6cb-4c52-ec5d-e0e6-10211289df2d}.Debug|Any CPU.ActiveCfg = Debug|Any CPU
		{6de7b6cb-4c52-ec5d-e0e6-10211289df2d}.Debug|Any CPU.Build.0 = Debug|Any CPU
		{30282025-9f7a-8233-7f3f-c27f66166896}.Debug|Any CPU.ActiveCfg = Debug|Any CPU
		{30282025-9f7a-8233-7f3f-c27f66166896}.Debug|Any CPU.Build.0 = Debug|Any CPU
		{7d285a0a-89bd-72bb-f88a-a139682de72b}.Debug|Any CPU.ActiveCfg = Debug|Any CPU
		{7d285a0a-89bd-72bb-f88a-a139682de72b}.Debug|Any CPU.Build.0 = Debug|Any CPU
		{4f90ee54-88f6-8403-4569-c1afbf21b1ac}.Debug|Any CPU.ActiveCfg = Debug|Any CPU
		{4f90ee54-88f6-8403-4569-c1afbf21b1ac}.Debug|Any CPU.Build.0 = Debug|Any CPU
		{5a28627b-92dd-b894-1447-908cc92d8aab}.Debug|Any CPU.ActiveCfg = Debug|Any CPU
		{5a28627b-92dd-b894-1447-908cc92d8aab}.Debug|Any CPU.Build.0 = Debug|Any CPU
		{62bb4fe3-f917-8c0d-d056-fc4573d43253}.Debug|Any CPU.ActiveCfg = Debug|Any CPU
		{62bb4fe3-f917-8c0d-d056-fc4573d43253}.Debug|Any CPU.Build.0 = Debug|Any CPU
		{9ad00581-1d85-dff3-4972-c9d78c42c5da}.Debug|Any CPU.ActiveCfg = Debug|Any CPU
		{9ad00581-1d85-dff3-4972-c9d78c42c5da}.Debug|Any CPU.Build.0 = Debug|Any CPU
		{5314d659-b1c5-9758-20d0-467bb52f5920}.Debug|Any CPU.ActiveCfg = Debug|Any CPU
		{5314d659-b1c5-9758-20d0-467bb52f5920}.Debug|Any CPU.Build.0 = Debug|Any CPU
		{bf619cad-c2f2-9e41-5787-e249690cddb7}.Debug|Any CPU.ActiveCfg = Debug|Any CPU
		{bf619cad-c2f2-9e41-5787-e249690cddb7}.Debug|Any CPU.Build.0 = Debug|Any CPU
		{1dcf94d2-0fe5-f65d-7123-4c4e438434d4}.Debug|Any CPU.ActiveCfg = Debug|Any CPU
		{1dcf94d2-0fe5-f65d-7123-4c4e438434d4}.Debug|Any CPU.Build.0 = Debug|Any CPU
		{abd9139b-0c5d-03c9-f70b-138b00804e1f}.Debug|Any CPU.ActiveCfg = Debug|Any CPU
		{abd9139b-0c5d-03c9-f70b-138b00804e1f}.Debug|Any CPU.Build.0 = Debug|Any CPU
		{706ab551-a2bd-06ba-02b7-1bae1f66200b}.Debug|Any CPU.ActiveCfg = Debug|Any CPU
		{706ab551-a2bd-06ba-02b7-1bae1f66200b}.Debug|Any CPU.Build.0 = Debug|Any CPU
		{8ee4fe9f-e29e-f6cf-07b9-92b29df0d64e}.Debug|Any CPU.ActiveCfg = Debug|Any CPU
		{8ee4fe9f-e29e-f6cf-07b9-92b29df0d64e}.Debug|Any CPU.Build.0 = Debug|Any CPU
		{a3f46c1e-ca89-b2f7-670c-b39e650656de}.Debug|Any CPU.ActiveCfg = Debug|Any CPU
		{a3f46c1e-ca89-b2f7-670c-b39e650656de}.Debug|Any CPU.Build.0 = Debug|Any CPU
		{7a83d048-7ca6-9fa2-3b8e-1d8969df2fe6}.Debug|Any CPU.ActiveCfg = Debug|Any CPU
		{7a83d048-7ca6-9fa2-3b8e-1d8969df2fe6}.Debug|Any CPU.Build.0 = Debug|Any CPU
		{17905038-1ed3-75fc-8d64-1cb2f6d89c52}.Debug|Any CPU.ActiveCfg = Debug|Any CPU
		{17905038-1ed3-75fc-8d64-1cb2f6d89c52}.Debug|Any CPU.Build.0 = Debug|Any CPU
		{40fdff15-8dfa-812b-4c3f-34405ed667ef}.Debug|Any CPU.ActiveCfg = Debug|Any CPU
		{40fdff15-8dfa-812b-4c3f-34405ed667ef}.Debug|Any CPU.Build.0 = Debug|Any CPU
		{dcb21b50-3b89-5cf6-9805-2ffd6ebc7492}.Debug|Any CPU.ActiveCfg = Debug|Any CPU
		{dcb21b50-3b89-5cf6-9805-2ffd6ebc7492}.Debug|Any CPU.Build.0 = Debug|Any CPU
		{850596aa-c451-669a-3cd2-2bebe3df94f7}.Debug|Any CPU.ActiveCfg = Debug|Any CPU
		{850596aa-c451-669a-3cd2-2bebe3df94f7}.Debug|Any CPU.Build.0 = Debug|Any CPU
		{9c1d622b-3ed0-3ff1-eeb6-d536af7c17f1}.Debug|Any CPU.ActiveCfg = Debug|Any CPU
		{9c1d622b-3ed0-3ff1-eeb6-d536af7c17f1}.Debug|Any CPU.Build.0 = Debug|Any CPU
		{207d2c32-f077-2efa-1774-64c1e9396245}.Debug|Any CPU.ActiveCfg = Debug|Any CPU
		{207d2c32-f077-2efa-1774-64c1e9396245}.Debug|Any CPU.Build.0 = Debug|Any CPU
		{18433479-160a-6a51-5e63-7637f6b49a3b}.Debug|Any CPU.ActiveCfg = Debug|Any CPU
		{18433479-160a-6a51-5e63-7637f6b49a3b}.Debug|Any CPU.Build.0 = Debug|Any CPU
		{2dfdf870-dc88-0e88-f7f1-7494654edbf2}.Debug|Any CPU.ActiveCfg = Debug|Any CPU
		{2dfdf870-dc88-0e88-f7f1-7494654edbf2}.Debug|Any CPU.Build.0 = Debug|Any CPU
		{b5f3d23d-58b2-a98e-1615-b390d7c6edff}.Debug|Any CPU.ActiveCfg = Debug|Any CPU
		{b5f3d23d-58b2-a98e-1615-b390d7c6edff}.Debug|Any CPU.Build.0 = Debug|Any CPU
		{50a1b768-966c-6eaf-7b9b-75b35a859205}.Debug|Any CPU.ActiveCfg = Debug|Any CPU
		{50a1b768-966c-6eaf-7b9b-75b35a859205}.Debug|Any CPU.Build.0 = Debug|Any CPU
		{ce245445-4d98-5df3-4dba-29633ebe2001}.Debug|Any CPU.ActiveCfg = Debug|Any CPU
		{ce245445-4d98-5df3-4dba-29633ebe2001}.Debug|Any CPU.Build.0 = Debug|Any CPU
		{ac00827c-4fe2-5925-0537-211ef7310f99}.Debug|Any CPU.ActiveCfg = Debug|Any CPU
		{ac00827c-4fe2-5925-0537-211ef7310f99}.Debug|Any CPU.Build.0 = Debug|Any CPU
		{83804675-e9d1-b09d-e0ed-3dd21471e8d0}.Debug|Any CPU.ActiveCfg = Debug|Any CPU
		{83804675-e9d1-b09d-e0ed-3dd21471e8d0}.Debug|Any CPU.Build.0 = Debug|Any CPU
		{0a7fc19c-9141-7d24-a998-1341cf82ac99}.Debug|Any CPU.ActiveCfg = Debug|Any CPU
		{0a7fc19c-9141-7d24-a998-1341cf82ac99}.Debug|Any CPU.Build.0 = Debug|Any CPU
		{14109741-1f74-1314-860c-e235e6940b4b}.Debug|Any CPU.ActiveCfg = Debug|Any CPU
		{14109741-1f74-1314-860c-e235e6940b4b}.Debug|Any CPU.Build.0 = Debug|Any CPU
		{536c9ff4-9a73-b06e-5701-f3c86f9e9923}.Debug|Any CPU.ActiveCfg = Debug|Any CPU
		{536c9ff4-9a73-b06e-5701-f3c86f9e9923}.Debug|Any CPU.Build.0 = Debug|Any CPU
		{3a26a28f-ba9f-49d5-b9d1-a707d6093cdb}.Debug|Any CPU.ActiveCfg = Debug|Any CPU
		{3a26a28f-ba9f-49d5-b9d1-a707d6093cdb}.Debug|Any CPU.Build.0 = Debug|Any CPU
		{5df387fa-88cf-e754-442f-75f3378cc3be}.Debug|Any CPU.ActiveCfg = Debug|Any CPU
		{5df387fa-88cf-e754-442f-75f3378cc3be}.Debug|Any CPU.Build.0 = Debug|Any CPU
		{316c8d57-6cba-7c60-504d-4d8c684706ca}.Debug|Any CPU.ActiveCfg = Debug|Any CPU
		{316c8d57-6cba-7c60-504d-4d8c684706ca}.Debug|Any CPU.Build.0 = Debug|Any CPU
		{3e599214-67bb-f5fe-db3a-34a64b3c3331}.Debug|Any CPU.ActiveCfg = Debug|Any CPU
		{3e599214-67bb-f5fe-db3a-34a64b3c3331}.Debug|Any CPU.Build.0 = Debug|Any CPU
		{93383754-c3bd-251d-c0b3-6a8f164dcd9c}.Debug|Any CPU.ActiveCfg = Debug|Any CPU
		{93383754-c3bd-251d-c0b3-6a8f164dcd9c}.Debug|Any CPU.Build.0 = Debug|Any CPU
		{fa6d86b7-b53f-489c-300a-d11c0f2502a3}.Debug|Any CPU.ActiveCfg = Debug|Any CPU
		{fa6d86b7-b53f-489c-300a-d11c0f2502a3}.Debug|Any CPU.Build.0 = Debug|Any CPU
		{3690172a-6e24-a1dc-4422-df7ee464809b}.Debug|Any CPU.ActiveCfg = Debug|Any CPU
		{3690172a-6e24-a1dc-4422-df7ee464809b}.Debug|Any CPU.Build.0 = Debug|Any CPU
		{f13b579f-8475-3abb-e00d-45284b7586c0}.Debug|Any CPU.ActiveCfg = Debug|Any CPU
		{f13b579f-8475-3abb-e00d-45284b7586c0}.Debug|Any CPU.Build.0 = Debug|Any CPU
		{a1861fc4-076f-ab95-8f14-549335e76b54}.Debug|Any CPU.ActiveCfg = Debug|Any CPU
		{a1861fc4-076f-ab95-8f14-549335e76b54}.Debug|Any CPU.Build.0 = Debug|Any CPU
		{d31ede0a-0b78-a011-33e3-98bc2918f30f}.Debug|Any CPU.ActiveCfg = Debug|Any CPU
		{d31ede0a-0b78-a011-33e3-98bc2918f30f}.Debug|Any CPU.Build.0 = Debug|Any CPU
		{0c5624a0-e4f4-334d-98e7-b726c232ee7b}.Debug|Any CPU.ActiveCfg = Debug|Any CPU
		{0c5624a0-e4f4-334d-98e7-b726c232ee7b}.Debug|Any CPU.Build.0 = Debug|Any CPU
		{bd90f8ee-c541-486a-8100-70b0a62598cd}.Debug|Any CPU.ActiveCfg = Debug|Any CPU
		{bd90f8ee-c541-486a-8100-70b0a62598cd}.Debug|Any CPU.Build.0 = Debug|Any CPU
	EndGlobalSection
	GlobalSection(SolutionProperties) = preSolution
		HideSolutionNode = FALSE
	EndGlobalSection
EndGlobal
