
Microsoft Visual Studio Solution File, Format Version 11.00
# Visual Studio 2010
Project("{FAE04EC0-301F-11D3-BF4B-00C04F79EFBC}") = "UnityEngine.UI", "UnityEngine.UI.csproj", "{51c31d6a-6cc7-8eed-0e96-17f8cba34c1a}"
EndProject
Project("{FAE04EC0-301F-11D3-BF4B-00C04F79EFBC}") = "Unity.AdaptivePerformance", "Unity.AdaptivePerformance.csproj", "{629939ff-60fd-6668-da88-45bc4dd6513a}"
EndProject
Project("{FAE04EC0-301F-11D3-BF4B-00C04F79EFBC}") = "Unity.RenderPipelines.Core.Runtime", "Unity.RenderPipelines.Core.Runtime.csproj", "{3fa74b4e-0768-39bd-6b11-f7d63df5f970}"
EndProject
Project("{FAE04EC0-301F-11D3-BF4B-00C04F79EFBC}") = "UnityEngine.TestRunner", "UnityEngine.TestRunner.csproj", "{91583773-e017-1e1d-7ab0-d9ef6eef87fd}"
EndProject
Project("{FAE04EC0-301F-11D3-BF4B-00C04F79EFBC}") = "Unity.Mathematics", "Unity.Mathematics.csproj", "{03077740-639b-0dd3-a5ff-a95c14f950bf}"
EndProject
Project("{FAE04EC0-301F-11D3-BF4B-00C04F79EFBC}") = "Assembly-CSharp", "Assembly-CSharp.csproj", "{e670b3fe-2cf5-5726-e067-14ace30165d3}"
EndProject
Project("{FAE04EC0-301F-11D3-BF4B-00C04F79EFBC}") = "Unity.RenderPipelines.Universal.Runtime", "Unity.RenderPipelines.Universal.Runtime.csproj", "{ce6109ef-8c86-fe9e-efc9-e91e04b25e84}"
EndProject
Project("{FAE04EC0-301F-11D3-BF4B-00C04F79EFBC}") = "Unity.2D.Animation.Runtime", "Unity.2D.Animation.Runtime.csproj", "{64068fb5-45cf-e201-77e2-02d802caab5c}"
EndProject
Project("{FAE04EC0-301F-11D3-BF4B-00C04F79EFBC}") = "Unity.TextMeshPro", "Unity.TextMeshPro.csproj", "{8936347c-26f3-75af-1b47-ef1b63225b1a}"
EndProject
Project("{FAE04EC0-301F-11D3-BF4B-00C04F79EFBC}") = "Unity.Timeline", "Unity.Timeline.csproj", "{91ea8233-a05c-4b39-6b1f-43ac77eb8a1b}"
EndProject
Project("{FAE04EC0-301F-11D3-BF4B-00C04F79EFBC}") = "Unity.2D.SpriteShape.Runtime", "Unity.2D.SpriteShape.Runtime.csproj", "{0b29ad84-83db-c174-9f2b-bbbcca22e6f0}"
EndProject
Project("{FAE04EC0-301F-11D3-BF4B-00C04F79EFBC}") = "Unity.2D.Animation.Triangle.Runtime", "Unity.2D.Animation.Triangle.Runtime.csproj", "{a755d6c7-226b-e6fa-202b-37696d748850}"
EndProject
Project("{FAE04EC0-301F-11D3-BF4B-00C04F79EFBC}") = "Unity.2D.PixelPerfect", "Unity.2D.PixelPerfect.csproj", "{a8a506c0-afda-cb76-1887-7ad7d59f6470}"
EndProject
Project("{FAE04EC0-301F-11D3-BF4B-00C04F79EFBC}") = "Unity.2D.IK.Runtime", "Unity.2D.IK.Runtime.csproj", "{d5f7a926-1d3d-4a4e-7b50-2e45b0e92274}"
EndProject
Project("{FAE04EC0-301F-11D3-BF4B-00C04F79EFBC}") = "Unity.2D.Common.Runtime", "Unity.2D.Common.Runtime.csproj", "{e3849632-7043-1d48-f7eb-875d542bdf99}"
EndProject
Project("{FAE04EC0-301F-11D3-BF4B-00C04F79EFBC}") = "Unity.RenderPipelines.Core.ShaderLibrary", "Unity.RenderPipelines.Core.ShaderLibrary.csproj", "{1b4fe154-c6c9-341c-7411-fe9418906661}"
EndProject
Project("{FAE04EC0-301F-11D3-BF4B-00C04F79EFBC}") = "Unity.InternalAPIEngineBridge.001", "Unity.InternalAPIEngineBridge.001.csproj", "{89b2a8f1-4552-b31d-792a-834ffe0d0305}"
EndProject
Project("{FAE04EC0-301F-11D3-BF4B-00C04F79EFBC}") = "Unity.RenderPipeline.Universal.ShaderLibrary", "Unity.RenderPipeline.Universal.ShaderLibrary.csproj", "{00d838fc-95fc-7d2e-8bb2-43e1c70f4caa}"
EndProject
Project("{FAE04EC0-301F-11D3-BF4B-00C04F79EFBC}") = "Unity.Subsystem.Registration", "Unity.Subsystem.Registration.csproj", "{b6b7b4de-a696-f29e-ffcc-d5f69d083502}"
EndProject
Project("{FAE04EC0-301F-11D3-BF4B-00C04F79EFBC}") = "Unity.RenderPipelines.Universal.Shaders", "Unity.RenderPipelines.Universal.Shaders.csproj", "{9aad11b2-a3df-10d9-0176-2c237bdcb3b5}"
EndProject
Project("{FAE04EC0-301F-11D3-BF4B-00C04F79EFBC}") = "Unity.RenderPipelines.ShaderGraph.ShaderGraphLibrary", "Unity.RenderPipelines.ShaderGraph.ShaderGraphLibrary.csproj", "{e8458a39-722e-e85f-d15f-b81d8d159723}"
EndProject
Project("{FAE04EC0-301F-11D3-BF4B-00C04F79EFBC}") = "Unity.ShaderGraph.Editor", "Unity.ShaderGraph.Editor.csproj", "{af70c2ef-eadd-0e96-8cd8-a0c04aad3d30}"
EndProject
Project("{FAE04EC0-301F-11D3-BF4B-00C04F79EFBC}") = "Unity.VisualStudio.Editor", "Unity.VisualStudio.Editor.csproj", "{6735530b-f114-3018-633c-ec11a6ccec7f}"
EndProject
Project("{FAE04EC0-301F-11D3-BF4B-00C04F79EFBC}") = "Unity.Timeline.Editor", "Unity.Timeline.Editor.csproj", "{f28c2799-72fe-97b9-5338-93367a29b0b7}"
EndProject
Project("{FAE04EC0-301F-11D3-BF4B-00C04F79EFBC}") = "Unity.TextMeshPro.Editor", "Unity.TextMeshPro.Editor.csproj", "{b2df806b-27c8-5f9d-fe06-7768ec799e71}"
EndProject
Project("{FAE04EC0-301F-11D3-BF4B-00C04F79EFBC}") = "Unity.AdaptivePerformance.Simulator.Editor", "Unity.AdaptivePerformance.Simulator.Editor.csproj", "{c9bf4511-4085-11b5-1dd1-691dae94a3b9}"
EndProject
Project("{FAE04EC0-301F-11D3-BF4B-00C04F79EFBC}") = "Unity.2D.Animation.Editor", "Unity.2D.Animation.Editor.csproj", "{f8f69602-341b-5f3f-e132-2d6b841971cd}"
EndProject
Project("{FAE04EC0-301F-11D3-BF4B-00C04F79EFBC}") = "Unity.CollabProxy.Editor", "Unity.CollabProxy.Editor.csproj", "{f78c576e-0f4f-accf-bf5f-e164caad3b01}"
EndProject
Project("{FAE04EC0-301F-11D3-BF4B-00C04F79EFBC}") = "UnityEditor.TestRunner", "UnityEditor.TestRunner.csproj", "{38e749c5-ca13-f29a-061f-3d504e3c8e9c}"
EndProject
Project("{FAE04EC0-301F-11D3-BF4B-00C04F79EFBC}") = "Unity.Rider.Editor", "Unity.Rider.Editor.csproj", "{0f674607-ba8a-b858-07f5-c634c2dd1b4f}"
EndProject
Project("{FAE04EC0-301F-11D3-BF4B-00C04F79EFBC}") = "Unity.2D.Path.Editor", "Unity.2D.Path.Editor.csproj", "{94a0703d-5c2c-a1a4-8fb9-b86e5dc5561d}"
EndProject
Project("{FAE04EC0-301F-11D3-BF4B-00C04F79EFBC}") = "Unity.RenderPipelines.Universal.Editor", "Unity.RenderPipelines.Universal.Editor.csproj", "{2930e197-4c26-d265-c83e-7903a3a8783b}"
EndProject
Project("{FAE04EC0-301F-11D3-BF4B-00C04F79EFBC}") = "PsdPlugin", "PsdPlugin.csproj", "{76cc2a82-2f9d-9424-d713-ffb57c1aacbf}"
EndProject
Project("{FAE04EC0-301F-11D3-BF4B-00C04F79EFBC}") = "Unity.RenderPipelines.Core.Editor", "Unity.RenderPipelines.Core.Editor.csproj", "{dc5071e6-0893-bc98-1fa8-bdd651b14603}"
EndProject
Project("{FAE04EC0-301F-11D3-BF4B-00C04F79EFBC}") = "Unity.2D.IK.Editor", "Unity.2D.IK.Editor.csproj", "{b8849609-359a-06b4-c9fb-0726edb9d119}"
EndProject
Project("{FAE04EC0-301F-11D3-BF4B-00C04F79EFBC}") = "Unity.Searcher.Editor", "Unity.Searcher.Editor.csproj", "{ff72f5cb-b8a4-9729-dc3a-760d578f8a48}"
EndProject
Project("{FAE04EC0-301F-11D3-BF4B-00C04F79EFBC}") = "Unity.2D.Psdimporter.Editor", "Unity.2D.Psdimporter.Editor.csproj", "{2a682b83-2be8-961a-eef1-0e2a932ca7b8}"
EndProject
Project("{FAE04EC0-301F-11D3-BF4B-00C04F79EFBC}") = "Unity.2D.SpriteShape.Editor", "Unity.2D.SpriteShape.Editor.csproj", "{4e8ef693-5370-6ddc-aff6-1266adfe707b}"
EndProject
Project("{FAE04EC0-301F-11D3-BF4B-00C04F79EFBC}") = "Unity.2D.Tilemap.Editor", "Unity.2D.Tilemap.Editor.csproj", "{aef451ab-bcd2-cdf4-6415-eeb17bfe10fa}"
EndProject
Project("{FAE04EC0-301F-11D3-BF4B-00C04F79EFBC}") = "Unity.2D.PixelPerfect.Editor", "Unity.2D.PixelPerfect.Editor.csproj", "{18fd5a10-f079-4509-4f96-739df57a8062}"
EndProject
Project("{FAE04EC0-301F-11D3-BF4B-00C04F79EFBC}") = "Unity.VSCode.Editor", "Unity.VSCode.Editor.csproj", "{5280b4f6-9d06-8f82-96fd-e71b574b940f}"
EndProject
Project("{FAE04EC0-301F-11D3-BF4B-00C04F79EFBC}") = "Unity.2D.Sprite.Editor", "Unity.2D.Sprite.Editor.csproj", "{6d2d3b62-4416-ffdf-e7b0-dc4113397dc0}"
EndProject
Project("{FAE04EC0-301F-11D3-BF4B-00C04F79EFBC}") = "UnityEditor.UI", "UnityEditor.UI.csproj", "{d4b3c9ab-47b6-20cb-6fb8-8b12b8d6eff3}"
EndProject
Project("{FAE04EC0-301F-11D3-BF4B-00C04F79EFBC}") = "Unity.AdaptivePerformance.Editor", "Unity.AdaptivePerformance.Editor.csproj", "{c5952af6-a7ad-d345-620a-90e5a834607f}"
EndProject
Project("{FAE04EC0-301F-11D3-BF4B-00C04F79EFBC}") = "Unity.Mathematics.Editor", "Unity.Mathematics.Editor.csproj", "{20df7d48-e063-c5e5-4d21-a069a083b6a0}"
EndProject
Project("{FAE04EC0-301F-11D3-BF4B-00C04F79EFBC}") = "Unity.2D.Common.Editor", "Unity.2D.Common.Editor.csproj", "{bbffd9d4-8572-d965-f330-a9a9466dbe68}"
EndProject
Project("{FAE04EC0-301F-11D3-BF4B-00C04F79EFBC}") = "Unity.InternalAPIEditorBridge.001", "Unity.InternalAPIEditorBridge.001.csproj", "{1db4ed3c-8a37-0d8e-2f2a-96f09bf20b5d}"
EndProject
Project("{FAE04EC0-301F-11D3-BF4B-00C04F79EFBC}") = "Unity.ShaderGraph.Utilities", "Unity.ShaderGraph.Utilities.csproj", "{554d1b7f-2002-51e1-a6a9-eab68164de74}"
EndProject
Project("{FAE04EC0-301F-11D3-BF4B-00C04F79EFBC}") = "Unity.AdaptivePerformance.Simulator.Extension", "Unity.AdaptivePerformance.Simulator.Extension.csproj", "{2d359385-3118-413d-45c0-1d7ffdf8e716}"
EndProject
Global
	GlobalSection(SolutionConfigurationPlatforms) = preSolution
		Debug|Any CPU = Debug|Any CPU
	EndGlobalSection
	GlobalSection(ProjectConfigurationPlatforms) = postSolution
		{51c31d6a-6cc7-8eed-0e96-17f8cba34c1a}.Debug|Any CPU.ActiveCfg = Debug|Any CPU
		{51c31d6a-6cc7-8eed-0e96-17f8cba34c1a}.Debug|Any CPU.Build.0 = Debug|Any CPU
		{629939ff-60fd-6668-da88-45bc4dd6513a}.Debug|Any CPU.ActiveCfg = Debug|Any CPU
		{629939ff-60fd-6668-da88-45bc4dd6513a}.Debug|Any CPU.Build.0 = Debug|Any CPU
		{3fa74b4e-0768-39bd-6b11-f7d63df5f970}.Debug|Any CPU.ActiveCfg = Debug|Any CPU
		{3fa74b4e-0768-39bd-6b11-f7d63df5f970}.Debug|Any CPU.Build.0 = Debug|Any CPU
		{91583773-e017-1e1d-7ab0-d9ef6eef87fd}.Debug|Any CPU.ActiveCfg = Debug|Any CPU
		{91583773-e017-1e1d-7ab0-d9ef6eef87fd}.Debug|Any CPU.Build.0 = Debug|Any CPU
		{03077740-639b-0dd3-a5ff-a95c14f950bf}.Debug|Any CPU.ActiveCfg = Debug|Any CPU
		{03077740-639b-0dd3-a5ff-a95c14f950bf}.Debug|Any CPU.Build.0 = Debug|Any CPU
		{e670b3fe-2cf5-5726-e067-14ace30165d3}.Debug|Any CPU.ActiveCfg = Debug|Any CPU
		{e670b3fe-2cf5-5726-e067-14ace30165d3}.Debug|Any CPU.Build.0 = Debug|Any CPU
		{ce6109ef-8c86-fe9e-efc9-e91e04b25e84}.Debug|Any CPU.ActiveCfg = Debug|Any CPU
		{ce6109ef-8c86-fe9e-efc9-e91e04b25e84}.Debug|Any CPU.Build.0 = Debug|Any CPU
		{64068fb5-45cf-e201-77e2-02d802caab5c}.Debug|Any CPU.ActiveCfg = Debug|Any CPU
		{64068fb5-45cf-e201-77e2-02d802caab5c}.Debug|Any CPU.Build.0 = Debug|Any CPU
		{8936347c-26f3-75af-1b47-ef1b63225b1a}.Debug|Any CPU.ActiveCfg = Debug|Any CPU
		{8936347c-26f3-75af-1b47-ef1b63225b1a}.Debug|Any CPU.Build.0 = Debug|Any CPU
		{91ea8233-a05c-4b39-6b1f-43ac77eb8a1b}.Debug|Any CPU.ActiveCfg = Debug|Any CPU
		{91ea8233-a05c-4b39-6b1f-43ac77eb8a1b}.Debug|Any CPU.Build.0 = Debug|Any CPU
		{0b29ad84-83db-c174-9f2b-bbbcca22e6f0}.Debug|Any CPU.ActiveCfg = Debug|Any CPU
		{0b29ad84-83db-c174-9f2b-bbbcca22e6f0}.Debug|Any CPU.Build.0 = Debug|Any CPU
		{a755d6c7-226b-e6fa-202b-37696d748850}.Debug|Any CPU.ActiveCfg = Debug|Any CPU
		{a755d6c7-226b-e6fa-202b-37696d748850}.Debug|Any CPU.Build.0 = Debug|Any CPU
		{a8a506c0-afda-cb76-1887-7ad7d59f6470}.Debug|Any CPU.ActiveCfg = Debug|Any CPU
		{a8a506c0-afda-cb76-1887-7ad7d59f6470}.Debug|Any CPU.Build.0 = Debug|Any CPU
		{d5f7a926-1d3d-4a4e-7b50-2e45b0e92274}.Debug|Any CPU.ActiveCfg = Debug|Any CPU
		{d5f7a926-1d3d-4a4e-7b50-2e45b0e92274}.Debug|Any CPU.Build.0 = Debug|Any CPU
		{e3849632-7043-1d48-f7eb-875d542bdf99}.Debug|Any CPU.ActiveCfg = Debug|Any CPU
		{e3849632-7043-1d48-f7eb-875d542bdf99}.Debug|Any CPU.Build.0 = Debug|Any CPU
		{1b4fe154-c6c9-341c-7411-fe9418906661}.Debug|Any CPU.ActiveCfg = Debug|Any CPU
		{1b4fe154-c6c9-341c-7411-fe9418906661}.Debug|Any CPU.Build.0 = Debug|Any CPU
		{89b2a8f1-4552-b31d-792a-834ffe0d0305}.Debug|Any CPU.ActiveCfg = Debug|Any CPU
		{89b2a8f1-4552-b31d-792a-834ffe0d0305}.Debug|Any CPU.Build.0 = Debug|Any CPU
		{00d838fc-95fc-7d2e-8bb2-43e1c70f4caa}.Debug|Any CPU.ActiveCfg = Debug|Any CPU
		{00d838fc-95fc-7d2e-8bb2-43e1c70f4caa}.Debug|Any CPU.Build.0 = Debug|Any CPU
		{b6b7b4de-a696-f29e-ffcc-d5f69d083502}.Debug|Any CPU.ActiveCfg = Debug|Any CPU
		{b6b7b4de-a696-f29e-ffcc-d5f69d083502}.Debug|Any CPU.Build.0 = Debug|Any CPU
		{9aad11b2-a3df-10d9-0176-2c237bdcb3b5}.Debug|Any CPU.ActiveCfg = Debug|Any CPU
		{9aad11b2-a3df-10d9-0176-2c237bdcb3b5}.Debug|Any CPU.Build.0 = Debug|Any CPU
		{e8458a39-722e-e85f-d15f-b81d8d159723}.Debug|Any CPU.ActiveCfg = Debug|Any CPU
		{e8458a39-722e-e85f-d15f-b81d8d159723}.Debug|Any CPU.Build.0 = Debug|Any CPU
		{af70c2ef-eadd-0e96-8cd8-a0c04aad3d30}.Debug|Any CPU.ActiveCfg = Debug|Any CPU
		{af70c2ef-eadd-0e96-8cd8-a0c04aad3d30}.Debug|Any CPU.Build.0 = Debug|Any CPU
		{6735530b-f114-3018-633c-ec11a6ccec7f}.Debug|Any CPU.ActiveCfg = Debug|Any CPU
		{6735530b-f114-3018-633c-ec11a6ccec7f}.Debug|Any CPU.Build.0 = Debug|Any CPU
		{f28c2799-72fe-97b9-5338-93367a29b0b7}.Debug|Any CPU.ActiveCfg = Debug|Any CPU
		{f28c2799-72fe-97b9-5338-93367a29b0b7}.Debug|Any CPU.Build.0 = Debug|Any CPU
		{b2df806b-27c8-5f9d-fe06-7768ec799e71}.Debug|Any CPU.ActiveCfg = Debug|Any CPU
		{b2df806b-27c8-5f9d-fe06-7768ec799e71}.Debug|Any CPU.Build.0 = Debug|Any CPU
		{c9bf4511-4085-11b5-1dd1-691dae94a3b9}.Debug|Any CPU.ActiveCfg = Debug|Any CPU
		{c9bf4511-4085-11b5-1dd1-691dae94a3b9}.Debug|Any CPU.Build.0 = Debug|Any CPU
		{f8f69602-341b-5f3f-e132-2d6b841971cd}.Debug|Any CPU.ActiveCfg = Debug|Any CPU
		{f8f69602-341b-5f3f-e132-2d6b841971cd}.Debug|Any CPU.Build.0 = Debug|Any CPU
		{f78c576e-0f4f-accf-bf5f-e164caad3b01}.Debug|Any CPU.ActiveCfg = Debug|Any CPU
		{f78c576e-0f4f-accf-bf5f-e164caad3b01}.Debug|Any CPU.Build.0 = Debug|Any CPU
		{38e749c5-ca13-f29a-061f-3d504e3c8e9c}.Debug|Any CPU.ActiveCfg = Debug|Any CPU
		{38e749c5-ca13-f29a-061f-3d504e3c8e9c}.Debug|Any CPU.Build.0 = Debug|Any CPU
		{0f674607-ba8a-b858-07f5-c634c2dd1b4f}.Debug|Any CPU.ActiveCfg = Debug|Any CPU
		{0f674607-ba8a-b858-07f5-c634c2dd1b4f}.Debug|Any CPU.Build.0 = Debug|Any CPU
		{94a0703d-5c2c-a1a4-8fb9-b86e5dc5561d}.Debug|Any CPU.ActiveCfg = Debug|Any CPU
		{94a0703d-5c2c-a1a4-8fb9-b86e5dc5561d}.Debug|Any CPU.Build.0 = Debug|Any CPU
		{2930e197-4c26-d265-c83e-7903a3a8783b}.Debug|Any CPU.ActiveCfg = Debug|Any CPU
		{2930e197-4c26-d265-c83e-7903a3a8783b}.Debug|Any CPU.Build.0 = Debug|Any CPU
		{76cc2a82-2f9d-9424-d713-ffb57c1aacbf}.Debug|Any CPU.ActiveCfg = Debug|Any CPU
		{76cc2a82-2f9d-9424-d713-ffb57c1aacbf}.Debug|Any CPU.Build.0 = Debug|Any CPU
		{dc5071e6-0893-bc98-1fa8-bdd651b14603}.Debug|Any CPU.ActiveCfg = Debug|Any CPU
		{dc5071e6-0893-bc98-1fa8-bdd651b14603}.Debug|Any CPU.Build.0 = Debug|Any CPU
		{b8849609-359a-06b4-c9fb-0726edb9d119}.Debug|Any CPU.ActiveCfg = Debug|Any CPU
		{b8849609-359a-06b4-c9fb-0726edb9d119}.Debug|Any CPU.Build.0 = Debug|Any CPU
		{ff72f5cb-b8a4-9729-dc3a-760d578f8a48}.Debug|Any CPU.ActiveCfg = Debug|Any CPU
		{ff72f5cb-b8a4-9729-dc3a-760d578f8a48}.Debug|Any CPU.Build.0 = Debug|Any CPU
		{2a682b83-2be8-961a-eef1-0e2a932ca7b8}.Debug|Any CPU.ActiveCfg = Debug|Any CPU
		{2a682b83-2be8-961a-eef1-0e2a932ca7b8}.Debug|Any CPU.Build.0 = Debug|Any CPU
		{4e8ef693-5370-6ddc-aff6-1266adfe707b}.Debug|Any CPU.ActiveCfg = Debug|Any CPU
		{4e8ef693-5370-6ddc-aff6-1266adfe707b}.Debug|Any CPU.Build.0 = Debug|Any CPU
		{aef451ab-bcd2-cdf4-6415-eeb17bfe10fa}.Debug|Any CPU.ActiveCfg = Debug|Any CPU
		{aef451ab-bcd2-cdf4-6415-eeb17bfe10fa}.Debug|Any CPU.Build.0 = Debug|Any CPU
		{18fd5a10-f079-4509-4f96-739df57a8062}.Debug|Any CPU.ActiveCfg = Debug|Any CPU
		{18fd5a10-f079-4509-4f96-739df57a8062}.Debug|Any CPU.Build.0 = Debug|Any CPU
		{5280b4f6-9d06-8f82-96fd-e71b574b940f}.Debug|Any CPU.ActiveCfg = Debug|Any CPU
		{5280b4f6-9d06-8f82-96fd-e71b574b940f}.Debug|Any CPU.Build.0 = Debug|Any CPU
		{6d2d3b62-4416-ffdf-e7b0-dc4113397dc0}.Debug|Any CPU.ActiveCfg = Debug|Any CPU
		{6d2d3b62-4416-ffdf-e7b0-dc4113397dc0}.Debug|Any CPU.Build.0 = Debug|Any CPU
		{d4b3c9ab-47b6-20cb-6fb8-8b12b8d6eff3}.Debug|Any CPU.ActiveCfg = Debug|Any CPU
		{d4b3c9ab-47b6-20cb-6fb8-8b12b8d6eff3}.Debug|Any CPU.Build.0 = Debug|Any CPU
		{c5952af6-a7ad-d345-620a-90e5a834607f}.Debug|Any CPU.ActiveCfg = Debug|Any CPU
		{c5952af6-a7ad-d345-620a-90e5a834607f}.Debug|Any CPU.Build.0 = Debug|Any CPU
		{20df7d48-e063-c5e5-4d21-a069a083b6a0}.Debug|Any CPU.ActiveCfg = Debug|Any CPU
		{20df7d48-e063-c5e5-4d21-a069a083b6a0}.Debug|Any CPU.Build.0 = Debug|Any CPU
		{bbffd9d4-8572-d965-f330-a9a9466dbe68}.Debug|Any CPU.ActiveCfg = Debug|Any CPU
		{bbffd9d4-8572-d965-f330-a9a9466dbe68}.Debug|Any CPU.Build.0 = Debug|Any CPU
		{1db4ed3c-8a37-0d8e-2f2a-96f09bf20b5d}.Debug|Any CPU.ActiveCfg = Debug|Any CPU
		{1db4ed3c-8a37-0d8e-2f2a-96f09bf20b5d}.Debug|Any CPU.Build.0 = Debug|Any CPU
		{554d1b7f-2002-51e1-a6a9-eab68164de74}.Debug|Any CPU.ActiveCfg = Debug|Any CPU
		{554d1b7f-2002-51e1-a6a9-eab68164de74}.Debug|Any CPU.Build.0 = Debug|Any CPU
		{2d359385-3118-413d-45c0-1d7ffdf8e716}.Debug|Any CPU.ActiveCfg = Debug|Any CPU
		{2d359385-3118-413d-45c0-1d7ffdf8e716}.Debug|Any CPU.Build.0 = Debug|Any CPU
	EndGlobalSection
	GlobalSection(SolutionProperties) = preSolution
		HideSolutionNode = FALSE
	EndGlobalSection
EndGlobal
